github.com/infrasonar/go-libagent v0.0.0-20241010142311-40fc09939d71 h1:I0TQzuEC3Zr0QavfQRS3bck3Y4JIcoy5YqVydotMIQw=
github.com/infrasonar/go-libagent v0.0.0-20241010142311-40fc09939d71/go.mod h1:oUs+fBWez6cUZl4j7tk5CM/8dahBwLRvVg2J4l+Aue0=
github.com/infrasonar/go-libagent v0.1.0 h1:XBr0s50DEKApzQH350yIy3fgeFGV+92b7MfxniL/o8c=
github.com/infrasonar/go-libagent v0.1.0/go.mod h1:oUs+fBWez6cUZl4j7tk5CM/8dahBwLRvVg2J4l+Aue0=
golang.org/x/exp v0.0.0-20241009180824-f66d83c29e7c h1:7dEasQXItcW1xKJ2+gg5VOiBnqWrJc+rq0DPKyvvdbY=
golang.org/x/exp v0.0.0-20241009180824-f66d83c29e7c/go.mod h1:NQtJDoLvd6faHhE7m4T/1IY708gDefGGjR/iUW8yQQ8=
